
Microsoft Visual Studio Solution File, Format Version 12.00
# Visual Studio 15
VisualStudioVersion = 15.0.28010.2026
MinimumVisualStudioVersion = 10.0.40219.1
Project("{FAE04EC0-301F-11D3-BF4B-00C04F79EFBC}") = "PartyFarm", "Farmer\PartyFarm.csproj", "{FEAA9F0F-5B0C-44D9-9B65-6FFF1DC6DC69}"
EndProject
Global
	GlobalSection(SolutionConfigurationPlatforms) = preSolution
		Debug|Any CPU = Debug|Any CPU
		Release|Any CPU = Release|Any CPU
	EndGlobalSection
	GlobalSection(ProjectConfigurationPlatforms) = postSolution
		{FEAA9F0F-5B0C-44D9-9B65-6FFF1DC6DC69}.Debug|Any CPU.ActiveCfg = Debug|Any CPU
		{FEAA9F0F-5B0C-44D9-9B65-6FFF1DC6DC69}.Debug|Any CPU.Build.0 = Debug|Any CPU
		{FEAA9F0F-5B0C-44D9-9B65-6FFF1DC6DC69}.Release|Any CPU.ActiveCfg = Release|Any CPU
		{FEAA9F0F-5B0C-44D9-9B65-6FFF1DC6DC69}.Release|Any CPU.Build.0 = Release|Any CPU
	EndGlobalSection
	GlobalSection(SolutionProperties) = preSolution
		HideSolutionNode = FALSE
	EndGlobalSection
	GlobalSection(ExtensibilityGlobals) = postSolution
		SolutionGuid = {F4E3C889-812B-4D86-B97A-1383DBC24121}
	EndGlobalSection
EndGlobal
